
Microsoft Visual Studio Solution File, Format Version 12.00
# Visual Studio Version 16
VisualStudioVersion = 16.0.30406.217
MinimumVisualStudioVersion = 10.0.40219.1
Project("{9A19103F-16F7-4668-BE54-9A1E7A4F7556}") = "cscoreweb", "cscoreweb.csproj", "{CA43965F-0F9E-4577-BDD9-2BBE2631D85E}"
EndProject
Global
	GlobalSection(SolutionConfigurationPlatforms) = preSolution
		Debug|Any CPU = Debug|Any CPU
		Release|Any CPU = Release|Any CPU
	EndGlobalSection
	GlobalSection(ProjectConfigurationPlatforms) = postSolution
		{CA43965F-0F9E-4577-BDD9-2BBE2631D85E}.Debug|Any CPU.ActiveCfg = Debug|Any CPU
		{CA43965F-0F9E-4577-BDD9-2BBE2631D85E}.Debug|Any CPU.Build.0 = Debug|Any CPU
		{CA43965F-0F9E-4577-BDD9-2BBE2631D85E}.Release|Any CPU.ActiveCfg = Release|Any CPU
		{CA43965F-0F9E-4577-BDD9-2BBE2631D85E}.Release|Any CPU.Build.0 = Release|Any CPU
	EndGlobalSection
	GlobalSection(SolutionProperties) = preSolution
		HideSolutionNode = FALSE
	EndGlobalSection
	GlobalSection(ExtensibilityGlobals) = postSolution
		SolutionGuid = {271AD459-EA55-4044-B6CF-2FF245EDBBB0}
	EndGlobalSection
EndGlobal
